
Microsoft Visual Studio Solution File, Format Version 12.00
# Visual Studio Version 17
VisualStudioVersion = 17.8.34511.84
MinimumVisualStudioVersion = 10.0.40219.1
Project("{FAE04EC0-301F-11D3-BF4B-00C04F79EFBC}") = "Music App", "Music App\Music App.csproj", "{C056A0E7-047F-4531-8DF7-70F13A7B9674}"
EndProject
Global
	GlobalSection(SolutionConfigurationPlatforms) = preSolution
		Debug|Any CPU = Debug|Any CPU
		Release|Any CPU = Release|Any CPU
	EndGlobalSection
	GlobalSection(ProjectConfigurationPlatforms) = postSolution
		{C056A0E7-047F-4531-8DF7-70F13A7B9674}.Debug|Any CPU.ActiveCfg = Debug|Any CPU
		{C056A0E7-047F-4531-8DF7-70F13A7B9674}.Debug|Any CPU.Build.0 = Debug|Any CPU
		{C056A0E7-047F-4531-8DF7-70F13A7B9674}.Release|Any CPU.ActiveCfg = Release|Any CPU
		{C056A0E7-047F-4531-8DF7-70F13A7B9674}.Release|Any CPU.Build.0 = Release|Any CPU
	EndGlobalSection
	GlobalSection(SolutionProperties) = preSolution
		HideSolutionNode = FALSE
	EndGlobalSection
	GlobalSection(ExtensibilityGlobals) = postSolution
		SolutionGuid = {0DDC7517-472B-49E4-97B5-988E92C067CE}
	EndGlobalSection
EndGlobal
